
Microsoft Visual Studio Solution File, Format Version 12.00
# Visual Studio Version 17
VisualStudioVersion = 17.7.34031.279
MinimumVisualStudioVersion = 10.0.40219.1
Project("{FAE04EC0-301F-11D3-BF4B-00C04F79EFBC}") = "PMaisProx", "PMaisProx.csproj", "{50737C02-635F-4D26-85B8-5BEA8C2B56F5}"
EndProject
Global
	GlobalSection(SolutionConfigurationPlatforms) = preSolution
		Debug|Any CPU = Debug|Any CPU
		Release|Any CPU = Release|Any CPU
	EndGlobalSection
	GlobalSection(ProjectConfigurationPlatforms) = postSolution
		{50737C02-635F-4D26-85B8-5BEA8C2B56F5}.Debug|Any CPU.ActiveCfg = Debug|Any CPU
		{50737C02-635F-4D26-85B8-5BEA8C2B56F5}.Debug|Any CPU.Build.0 = Debug|Any CPU
		{50737C02-635F-4D26-85B8-5BEA8C2B56F5}.Release|Any CPU.ActiveCfg = Release|Any CPU
		{50737C02-635F-4D26-85B8-5BEA8C2B56F5}.Release|Any CPU.Build.0 = Release|Any CPU
	EndGlobalSection
	GlobalSection(SolutionProperties) = preSolution
		HideSolutionNode = FALSE
	EndGlobalSection
	GlobalSection(ExtensibilityGlobals) = postSolution
		SolutionGuid = {A87D9B57-A215-4BAE-8BBF-1A8065FA765C}
	EndGlobalSection
EndGlobal
